lockfileVersion: '9.0'

settings:
  autoInstallPeers: true
  excludeLinksFromLockfile: false

importers:

  .:
    dependencies:
      '@google/generative-ai':
        specifier: ^0.24.1
        version: 0.24.1
      '@mistralai/mistralai':
        specifier: ^1.14.0
        version: 1.14.0
      dotenv:
        specifier: ^17.3.1
        version: 17.3.1
      openai:
        specifier: ^6.21.0
        version: 6.22.0(ws@8.19.0)(zod@4.3.6)

packages:

  '@google/generative-ai@0.24.1':
    resolution: {integrity: sha512-MqO+MLfM6kjxcKoy0p1wRzG3b4ZZXtPI+z2IE26UogS2Cm/XHO+7gGRBh6gcJsOiIVoH93UwKvW4HdgiOZCy9Q==}
    engines: {node: '>=18.0.0'}

  '@mistralai/mistralai@1.14.0':
    resolution: {integrity: sha512-6zaj2f2LCd37cRpBvCgctkDbXtYBlAC85p+u4uU/726zjtsI+sdVH34qRzkm9iE3tRb8BoaiI0/P7TD+uMvLLQ==}

  dotenv@17.3.1:
    resolution: {integrity: sha512-IO8C/dzEb6O3F9/twg6ZLXz164a2fhTnEWb95H23Dm4OuN+92NmEAlTrupP9VW6Jm3sO26tQlqyvyi4CsnY9GA==}
    engines: {node: '>=12'}

  openai@6.22.0:
    resolution: {integrity: sha512-7Yvy17F33Bi9RutWbsaYt5hJEEJ/krRPOrwan+f9aCPuMat1WVsb2VNSII5W1EksKT6fF69TG/xj4XzodK3JZw==}
    hasBin: true
    peerDependencies:
      ws: ^8.18.0
      zod: ^3.25 || ^4.0
    peerDependenciesMeta:
      ws:
        optional: true
      zod:
        optional: true

  ws@8.19.0:
    resolution: {integrity: sha512-blAT2mjOEIi0ZzruJfIhb3nps74PRWTCz1IjglWEEpQl5XS/UNama6u2/rjFkDDouqr4L67ry+1aGIALViWjDg==}
    engines: {node: '>=10.0.0'}
    peerDependencies:
      bufferutil: ^4.0.1
      utf-8-validate: '>=5.0.2'
    peerDependenciesMeta:
      bufferutil:
        optional: true
      utf-8-validate:
        optional: true

  zod-to-json-schema@3.25.1:
    resolution: {integrity: sha512-pM/SU9d3YAggzi6MtR4h7ruuQlqKtad8e9S0fmxcMi+ueAK5Korys/aWcV9LIIHTVbj01NdzxcnXSN+O74ZIVA==}
    peerDependencies:
      zod: ^3.25 || ^4

  zod@4.3.6:
    resolution: {integrity: sha512-rftlrkhHZOcjDwkGlnUtZZkvaPHCsDATp4pGpuOOMDaTdDDXF91wuVDJoWoPsKX/3YPQ5fHuF3STjcYyKr+Qhg==}

snapshots:

  '@google/generative-ai@0.24.1': {}

  '@mistralai/mistralai@1.14.0':
    dependencies:
      ws: 8.19.0
      zod: 4.3.6
      zod-to-json-schema: 3.25.1(zod@4.3.6)
    transitivePeerDependencies:
      - bufferutil
      - utf-8-validate

  dotenv@17.3.1: {}

  openai@6.22.0(ws@8.19.0)(zod@4.3.6):
    optionalDependencies:
      ws: 8.19.0
      zod: 4.3.6

  ws@8.19.0: {}

  zod-to-json-schema@3.25.1(zod@4.3.6):
    dependencies:
      zod: 4.3.6

  zod@4.3.6: {}
